
Microsoft Visual Studio Solution File, Format Version 12.00
# Visual Studio 15
Project("{FAE04EC0-301F-11D3-BF4B-00C04F79EFBC}") = "Unity.Timeline", "Unity.Timeline.csproj", "{682342D2-2887-FE81-B176-F409836B7387}"
EndProject
Project("{FAE04EC0-301F-11D3-BF4B-00C04F79EFBC}") = "Unity.Timeline.Editor", "Unity.Timeline.Editor.csproj", "{15199A6C-D825-0A99-3C21-10980345F1AD}"
EndProject
Project("{FAE04EC0-301F-11D3-BF4B-00C04F79EFBC}") = "Unity.TextMeshPro.Editor", "Unity.TextMeshPro.Editor.csproj", "{665579F4-461B-772E-DC33-E53A70531943}"
EndProject
Project("{FAE04EC0-301F-11D3-BF4B-00C04F79EFBC}") = "Unity.VisualScripting.Flow", "Unity.VisualScripting.Flow.csproj", "{83B0B65D-ECC9-6C1F-2711-D4B12E370AD6}"
EndProject
Project("{FAE04EC0-301F-11D3-BF4B-00C04F79EFBC}") = "UnityEditor.UI", "UnityEditor.UI.csproj", "{F83ADFD9-D4D3-4DE9-5D2D-5C0C2C9E8A36}"
EndProject
Project("{FAE04EC0-301F-11D3-BF4B-00C04F79EFBC}") = "Unity.PlasticSCM.Editor", "Unity.PlasticSCM.Editor.csproj", "{0F2C40D4-57E0-95C1-4679-690348F71280}"
EndProject
Project("{FAE04EC0-301F-11D3-BF4B-00C04F79EFBC}") = "Unity.VisualScripting.Core", "Unity.VisualScripting.Core.csproj", "{233EBEE2-F947-A55A-47FB-CDCA99B8E3F8}"
EndProject
Project("{FAE04EC0-301F-11D3-BF4B-00C04F79EFBC}") = "Unity.VisualScripting.Core.Editor", "Unity.VisualScripting.Core.Editor.csproj", "{55DC9C07-94EC-9628-0D06-09DF8F81915A}"
EndProject
Project("{FAE04EC0-301F-11D3-BF4B-00C04F79EFBC}") = "Unity.VisualScripting.Flow.Editor", "Unity.VisualScripting.Flow.Editor.csproj", "{26C328DE-F9AD-A908-07DD-DC8918CA9B73}"
EndProject
Project("{FAE04EC0-301F-11D3-BF4B-00C04F79EFBC}") = "UnityEditor.TestRunner", "UnityEditor.TestRunner.csproj", "{F68FADEF-A3EC-1B6D-F650-6BB1E852BA3C}"
EndProject
Project("{FAE04EC0-301F-11D3-BF4B-00C04F79EFBC}") = "Unity.VisualScripting.SettingsProvider.Editor", "Unity.VisualScripting.SettingsProvider.Editor.csproj", "{584D3C23-0C50-EE11-5585-C98712DB4F2F}"
EndProject
Project("{FAE04EC0-301F-11D3-BF4B-00C04F79EFBC}") = "UnityEngine.TestRunner", "UnityEngine.TestRunner.csproj", "{D9C3C3EE-853C-956B-D4D4-1254B573DBCE}"
EndProject
Project("{FAE04EC0-301F-11D3-BF4B-00C04F79EFBC}") = "UnityEngine.UI", "UnityEngine.UI.csproj", "{B8185601-A3FC-5FC8-A9C6-87C83E2D4A4F}"
EndProject
Project("{FAE04EC0-301F-11D3-BF4B-00C04F79EFBC}") = "Unity.VisualStudio.Editor", "Unity.VisualStudio.Editor.csproj", "{187C7E2A-FA18-79DC-6F2B-7C4BFDFECE41}"
EndProject
Project("{FAE04EC0-301F-11D3-BF4B-00C04F79EFBC}") = "Unity.TestTools.CodeCoverage.Editor.OpenCover.Model", "Unity.TestTools.CodeCoverage.Editor.OpenCover.Model.csproj", "{18D26660-F356-3CB2-41D7-9EF2B849CA33}"
EndProject
Project("{FAE04EC0-301F-11D3-BF4B-00C04F79EFBC}") = "Unity.Rider.Editor", "Unity.Rider.Editor.csproj", "{07B40E57-6566-6D0B-B34C-B7483EA93254}"
EndProject
Project("{FAE04EC0-301F-11D3-BF4B-00C04F79EFBC}") = "Unity.VisualScripting.State.Editor", "Unity.VisualScripting.State.Editor.csproj", "{28FCE069-554B-20C5-33FF-F2B8E7829D54}"
EndProject
Project("{FAE04EC0-301F-11D3-BF4B-00C04F79EFBC}") = "Unity.TestTools.CodeCoverage.Editor", "Unity.TestTools.CodeCoverage.Editor.csproj", "{EB48BFB2-AB72-8E35-6634-79858368CB0A}"
EndProject
Project("{FAE04EC0-301F-11D3-BF4B-00C04F79EFBC}") = "Unity.VisualScripting.State", "Unity.VisualScripting.State.csproj", "{40C2E2B4-D874-5AE7-D505-A350C46B2D93}"
EndProject
Project("{FAE04EC0-301F-11D3-BF4B-00C04F79EFBC}") = "Unity.TextMeshPro", "Unity.TextMeshPro.csproj", "{49192DE9-3312-01CC-A34B-F4C69FB2D34B}"
EndProject
Project("{FAE04EC0-301F-11D3-BF4B-00C04F79EFBC}") = "Unity.Performance.Profile-Analyzer.Editor", "Unity.Performance.Profile-Analyzer.Editor.csproj", "{ED858298-FBA8-80D9-78AA-49D58A0BEB32}"
EndProject
Project("{FAE04EC0-301F-11D3-BF4B-00C04F79EFBC}") = "Unity.VSCode.Editor", "Unity.VSCode.Editor.csproj", "{7DB513B5-61C9-A24C-8A98-3BE8B8124579}"
EndProject
Project("{FAE04EC0-301F-11D3-BF4B-00C04F79EFBC}") = "Unity.TestTools.CodeCoverage.Editor.OpenCover.Mono.Reflection", "Unity.TestTools.CodeCoverage.Editor.OpenCover.Mono.Reflection.csproj", "{D5F671EC-175B-AEB1-A504-6FB1545E7DA7}"
EndProject
Project("{FAE04EC0-301F-11D3-BF4B-00C04F79EFBC}") = "Unity.Settings.Editor", "Unity.Settings.Editor.csproj", "{B66BED0A-51D5-A136-E39C-08DD2DC6BCB6}"
EndProject
Project("{FAE04EC0-301F-11D3-BF4B-00C04F79EFBC}") = "Unity.EditorCoroutines.Editor", "Unity.EditorCoroutines.Editor.csproj", "{485C308C-A78A-E529-28D8-B5B91534A7EF}"
EndProject
Project("{FAE04EC0-301F-11D3-BF4B-00C04F79EFBC}") = "Unity.VisualScripting.Shared.Editor", "Unity.VisualScripting.Shared.Editor.csproj", "{A30390DF-5EA6-0A53-A76E-5DA358DDDCE2}"
EndProject
Project("{FAE04EC0-301F-11D3-BF4B-00C04F79EFBC}") = "Unity.CollabProxy.Editor", "Unity.CollabProxy.Editor.csproj", "{BEFC1046-97DA-1BFA-1E7E-E88469F335FA}"
EndProject
Project("{FAE04EC0-301F-11D3-BF4B-00C04F79EFBC}") = "Assembly-CSharp", "Assembly-CSharp.csproj", "{DFDEC06D-15E6-EF0D-7ABB-28F64BFA4A86}"
EndProject
Project("{FAE04EC0-301F-11D3-BF4B-00C04F79EFBC}") = "Unity.Timeline", "Unity.Timeline.Player.csproj", "{69EE47BE-524D-7D7D-D431-A6E91AA001FE}"
EndProject
Project("{FAE04EC0-301F-11D3-BF4B-00C04F79EFBC}") = "Unity.VisualScripting.Flow", "Unity.VisualScripting.Flow.Player.csproj", "{0B44B193-2542-C30D-96A5-A341194416D1}"
EndProject
Project("{FAE04EC0-301F-11D3-BF4B-00C04F79EFBC}") = "Unity.VisualScripting.Core", "Unity.VisualScripting.Core.Player.csproj", "{7CA47928-2128-A4E9-8366-558BAA6CAAEF}"
EndProject
Project("{FAE04EC0-301F-11D3-BF4B-00C04F79EFBC}") = "UnityEngine.TestRunner", "UnityEngine.TestRunner.Player.csproj", "{FEBC0D99-665D-0805-D75D-99D76186F4A9}"
EndProject
Project("{FAE04EC0-301F-11D3-BF4B-00C04F79EFBC}") = "UnityEngine.UI", "UnityEngine.UI.Player.csproj", "{9A211A67-2997-868E-8AC9-FFE1911041C2}"
EndProject
Project("{FAE04EC0-301F-11D3-BF4B-00C04F79EFBC}") = "Unity.VisualScripting.State", "Unity.VisualScripting.State.Player.csproj", "{09BD05CF-8AA1-C686-49C0-DA879A8870CD}"
EndProject
Project("{FAE04EC0-301F-11D3-BF4B-00C04F79EFBC}") = "Unity.TextMeshPro", "Unity.TextMeshPro.Player.csproj", "{5EFA4693-D87D-8AF3-E109-1840D9AB90D4}"
EndProject
Project("{FAE04EC0-301F-11D3-BF4B-00C04F79EFBC}") = "Assembly-CSharp", "Assembly-CSharp.Player.csproj", "{5D2F8C9F-E5DB-04E1-5E07-285F723441A0}"
EndProject
Global
	GlobalSection(SolutionConfigurationPlatforms) = preSolution
		Debug|Any CPU = Debug|Any CPU
		Release|Any CPU = Release|Any CPU
	EndGlobalSection
	GlobalSection(ProjectConfigurationPlatforms) = postSolution
		{682342D2-2887-FE81-B176-F409836B7387}.Debug|Any CPU.ActiveCfg = Debug|Any CPU
		{682342D2-2887-FE81-B176-F409836B7387}.Debug|Any CPU.Build.0 = Debug|Any CPU
		{682342D2-2887-FE81-B176-F409836B7387}.Release|Any CPU.ActiveCfg = Release|Any CPU
		{682342D2-2887-FE81-B176-F409836B7387}.Release|Any CPU.Build.0 = Release|Any CPU
		{15199A6C-D825-0A99-3C21-10980345F1AD}.Debug|Any CPU.ActiveCfg = Debug|Any CPU
		{15199A6C-D825-0A99-3C21-10980345F1AD}.Debug|Any CPU.Build.0 = Debug|Any CPU
		{15199A6C-D825-0A99-3C21-10980345F1AD}.Release|Any CPU.ActiveCfg = Release|Any CPU
		{15199A6C-D825-0A99-3C21-10980345F1AD}.Release|Any CPU.Build.0 = Release|Any CPU
		{665579F4-461B-772E-DC33-E53A70531943}.Debug|Any CPU.ActiveCfg = Debug|Any CPU
		{665579F4-461B-772E-DC33-E53A70531943}.Debug|Any CPU.Build.0 = Debug|Any CPU
		{665579F4-461B-772E-DC33-E53A70531943}.Release|Any CPU.ActiveCfg = Release|Any CPU
		{665579F4-461B-772E-DC33-E53A70531943}.Release|Any CPU.Build.0 = Release|Any CPU
		{83B0B65D-ECC9-6C1F-2711-D4B12E370AD6}.Debug|Any CPU.ActiveCfg = Debug|Any CPU
		{83B0B65D-ECC9-6C1F-2711-D4B12E370AD6}.Debug|Any CPU.Build.0 = Debug|Any CPU
		{83B0B65D-ECC9-6C1F-2711-D4B12E370AD6}.Release|Any CPU.ActiveCfg = Release|Any CPU
		{83B0B65D-ECC9-6C1F-2711-D4B12E370AD6}.Release|Any CPU.Build.0 = Release|Any CPU
		{F83ADFD9-D4D3-4DE9-5D2D-5C0C2C9E8A36}.Debug|Any CPU.ActiveCfg = Debug|Any CPU
		{F83ADFD9-D4D3-4DE9-5D2D-5C0C2C9E8A36}.Debug|Any CPU.Build.0 = Debug|Any CPU
		{F83ADFD9-D4D3-4DE9-5D2D-5C0C2C9E8A36}.Release|Any CPU.ActiveCfg = Release|Any CPU
		{F83ADFD9-D4D3-4DE9-5D2D-5C0C2C9E8A36}.Release|Any CPU.Build.0 = Release|Any CPU
		{0F2C40D4-57E0-95C1-4679-690348F71280}.Debug|Any CPU.ActiveCfg = Debug|Any CPU
		{0F2C40D4-57E0-95C1-4679-690348F71280}.Debug|Any CPU.Build.0 = Debug|Any CPU
		{0F2C40D4-57E0-95C1-4679-690348F71280}.Release|Any CPU.ActiveCfg = Release|Any CPU
		{0F2C40D4-57E0-95C1-4679-690348F71280}.Release|Any CPU.Build.0 = Release|Any CPU
		{233EBEE2-F947-A55A-47FB-CDCA99B8E3F8}.Debug|Any CPU.ActiveCfg = Debug|Any CPU
		{233EBEE2-F947-A55A-47FB-CDCA99B8E3F8}.Debug|Any CPU.Build.0 = Debug|Any CPU
		{233EBEE2-F947-A55A-47FB-CDCA99B8E3F8}.Release|Any CPU.ActiveCfg = Release|Any CPU
		{233EBEE2-F947-A55A-47FB-CDCA99B8E3F8}.Release|Any CPU.Build.0 = Release|Any CPU
		{55DC9C07-94EC-9628-0D06-09DF8F81915A}.Debug|Any CPU.ActiveCfg = Debug|Any CPU
		{55DC9C07-94EC-9628-0D06-09DF8F81915A}.Debug|Any CPU.Build.0 = Debug|Any CPU
		{55DC9C07-94EC-9628-0D06-09DF8F81915A}.Release|Any CPU.ActiveCfg = Release|Any CPU
		{55DC9C07-94EC-9628-0D06-09DF8F81915A}.Release|Any CPU.Build.0 = Release|Any CPU
		{26C328DE-F9AD-A908-07DD-DC8918CA9B73}.Debug|Any CPU.ActiveCfg = Debug|Any CPU
		{26C328DE-F9AD-A908-07DD-DC8918CA9B73}.Debug|Any CPU.Build.0 = Debug|Any CPU
		{26C328DE-F9AD-A908-07DD-DC8918CA9B73}.Release|Any CPU.ActiveCfg = Release|Any CPU
		{26C328DE-F9AD-A908-07DD-DC8918CA9B73}.Release|Any CPU.Build.0 = Release|Any CPU
		{F68FADEF-A3EC-1B6D-F650-6BB1E852BA3C}.Debug|Any CPU.ActiveCfg = Debug|Any CPU
		{F68FADEF-A3EC-1B6D-F650-6BB1E852BA3C}.Debug|Any CPU.Build.0 = Debug|Any CPU
		{F68FADEF-A3EC-1B6D-F650-6BB1E852BA3C}.Release|Any CPU.ActiveCfg = Release|Any CPU
		{F68FADEF-A3EC-1B6D-F650-6BB1E852BA3C}.Release|Any CPU.Build.0 = Release|Any CPU
		{584D3C23-0C50-EE11-5585-C98712DB4F2F}.Debug|Any CPU.ActiveCfg = Debug|Any CPU
		{584D3C23-0C50-EE11-5585-C98712DB4F2F}.Debug|Any CPU.Build.0 = Debug|Any CPU
		{584D3C23-0C50-EE11-5585-C98712DB4F2F}.Release|Any CPU.ActiveCfg = Release|Any CPU
		{584D3C23-0C50-EE11-5585-C98712DB4F2F}.Release|Any CPU.Build.0 = Release|Any CPU
		{D9C3C3EE-853C-956B-D4D4-1254B573DBCE}.Debug|Any CPU.ActiveCfg = Debug|Any CPU
		{D9C3C3EE-853C-956B-D4D4-1254B573DBCE}.Debug|Any CPU.Build.0 = Debug|Any CPU
		{D9C3C3EE-853C-956B-D4D4-1254B573DBCE}.Release|Any CPU.ActiveCfg = Release|Any CPU
		{D9C3C3EE-853C-956B-D4D4-1254B573DBCE}.Release|Any CPU.Build.0 = Release|Any CPU
		{B8185601-A3FC-5FC8-A9C6-87C83E2D4A4F}.Debug|Any CPU.ActiveCfg = Debug|Any CPU
		{B8185601-A3FC-5FC8-A9C6-87C83E2D4A4F}.Debug|Any CPU.Build.0 = Debug|Any CPU
		{B8185601-A3FC-5FC8-A9C6-87C83E2D4A4F}.Release|Any CPU.ActiveCfg = Release|Any CPU
		{B8185601-A3FC-5FC8-A9C6-87C83E2D4A4F}.Release|Any CPU.Build.0 = Release|Any CPU
		{187C7E2A-FA18-79DC-6F2B-7C4BFDFECE41}.Debug|Any CPU.ActiveCfg = Debug|Any CPU
		{187C7E2A-FA18-79DC-6F2B-7C4BFDFECE41}.Debug|Any CPU.Build.0 = Debug|Any CPU
		{187C7E2A-FA18-79DC-6F2B-7C4BFDFECE41}.Release|Any CPU.ActiveCfg = Release|Any CPU
		{187C7E2A-FA18-79DC-6F2B-7C4BFDFECE41}.Release|Any CPU.Build.0 = Release|Any CPU
		{18D26660-F356-3CB2-41D7-9EF2B849CA33}.Debug|Any CPU.ActiveCfg = Debug|Any CPU
		{18D26660-F356-3CB2-41D7-9EF2B849CA33}.Debug|Any CPU.Build.0 = Debug|Any CPU
		{18D26660-F356-3CB2-41D7-9EF2B849CA33}.Release|Any CPU.ActiveCfg = Release|Any CPU
		{18D26660-F356-3CB2-41D7-9EF2B849CA33}.Release|Any CPU.Build.0 = Release|Any CPU
		{07B40E57-6566-6D0B-B34C-B7483EA93254}.Debug|Any CPU.ActiveCfg = Debug|Any CPU
		{07B40E57-6566-6D0B-B34C-B7483EA93254}.Debug|Any CPU.Build.0 = Debug|Any CPU
		{07B40E57-6566-6D0B-B34C-B7483EA93254}.Release|Any CPU.ActiveCfg = Release|Any CPU
		{07B40E57-6566-6D0B-B34C-B7483EA93254}.Release|Any CPU.Build.0 = Release|Any CPU
		{28FCE069-554B-20C5-33FF-F2B8E7829D54}.Debug|Any CPU.ActiveCfg = Debug|Any CPU
		{28FCE069-554B-20C5-33FF-F2B8E7829D54}.Debug|Any CPU.Build.0 = Debug|Any CPU
		{28FCE069-554B-20C5-33FF-F2B8E7829D54}.Release|Any CPU.ActiveCfg = Release|Any CPU
		{28FCE069-554B-20C5-33FF-F2B8E7829D54}.Release|Any CPU.Build.0 = Release|Any CPU
		{EB48BFB2-AB72-8E35-6634-79858368CB0A}.Debug|Any CPU.ActiveCfg = Debug|Any CPU
		{EB48BFB2-AB72-8E35-6634-79858368CB0A}.Debug|Any CPU.Build.0 = Debug|Any CPU
		{EB48BFB2-AB72-8E35-6634-79858368CB0A}.Release|Any CPU.ActiveCfg = Release|Any CPU
		{EB48BFB2-AB72-8E35-6634-79858368CB0A}.Release|Any CPU.Build.0 = Release|Any CPU
		{40C2E2B4-D874-5AE7-D505-A350C46B2D93}.Debug|Any CPU.ActiveCfg = Debug|Any CPU
		{40C2E2B4-D874-5AE7-D505-A350C46B2D93}.Debug|Any CPU.Build.0 = Debug|Any CPU
		{40C2E2B4-D874-5AE7-D505-A350C46B2D93}.Release|Any CPU.ActiveCfg = Release|Any CPU
		{40C2E2B4-D874-5AE7-D505-A350C46B2D93}.Release|Any CPU.Build.0 = Release|Any CPU
		{49192DE9-3312-01CC-A34B-F4C69FB2D34B}.Debug|Any CPU.ActiveCfg = Debug|Any CPU
		{49192DE9-3312-01CC-A34B-F4C69FB2D34B}.Debug|Any CPU.Build.0 = Debug|Any CPU
		{49192DE9-3312-01CC-A34B-F4C69FB2D34B}.Release|Any CPU.ActiveCfg = Release|Any CPU
		{49192DE9-3312-01CC-A34B-F4C69FB2D34B}.Release|Any CPU.Build.0 = Release|Any CPU
		{ED858298-FBA8-80D9-78AA-49D58A0BEB32}.Debug|Any CPU.ActiveCfg = Debug|Any CPU
		{ED858298-FBA8-80D9-78AA-49D58A0BEB32}.Debug|Any CPU.Build.0 = Debug|Any CPU
		{ED858298-FBA8-80D9-78AA-49D58A0BEB32}.Release|Any CPU.ActiveCfg = Release|Any CPU
		{ED858298-FBA8-80D9-78AA-49D58A0BEB32}.Release|Any CPU.Build.0 = Release|Any CPU
		{7DB513B5-61C9-A24C-8A98-3BE8B8124579}.Debug|Any CPU.ActiveCfg = Debug|Any CPU
		{7DB513B5-61C9-A24C-8A98-3BE8B8124579}.Debug|Any CPU.Build.0 = Debug|Any CPU
		{7DB513B5-61C9-A24C-8A98-3BE8B8124579}.Release|Any CPU.ActiveCfg = Release|Any CPU
		{7DB513B5-61C9-A24C-8A98-3BE8B8124579}.Release|Any CPU.Build.0 = Release|Any CPU
		{D5F671EC-175B-AEB1-A504-6FB1545E7DA7}.Debug|Any CPU.ActiveCfg = Debug|Any CPU
		{D5F671EC-175B-AEB1-A504-6FB1545E7DA7}.Debug|Any CPU.Build.0 = Debug|Any CPU
		{D5F671EC-175B-AEB1-A504-6FB1545E7DA7}.Release|Any CPU.ActiveCfg = Release|Any CPU
		{D5F671EC-175B-AEB1-A504-6FB1545E7DA7}.Release|Any CPU.Build.0 = Release|Any CPU
		{B66BED0A-51D5-A136-E39C-08DD2DC6BCB6}.Debug|Any CPU.ActiveCfg = Debug|Any CPU
		{B66BED0A-51D5-A136-E39C-08DD2DC6BCB6}.Debug|Any CPU.Build.0 = Debug|Any CPU
		{B66BED0A-51D5-A136-E39C-08DD2DC6BCB6}.Release|Any CPU.ActiveCfg = Release|Any CPU
		{B66BED0A-51D5-A136-E39C-08DD2DC6BCB6}.Release|Any CPU.Build.0 = Release|Any CPU
		{485C308C-A78A-E529-28D8-B5B91534A7EF}.Debug|Any CPU.ActiveCfg = Debug|Any CPU
		{485C308C-A78A-E529-28D8-B5B91534A7EF}.Debug|Any CPU.Build.0 = Debug|Any CPU
		{485C308C-A78A-E529-28D8-B5B91534A7EF}.Release|Any CPU.ActiveCfg = Release|Any CPU
		{485C308C-A78A-E529-28D8-B5B91534A7EF}.Release|Any CPU.Build.0 = Release|Any CPU
		{A30390DF-5EA6-0A53-A76E-5DA358DDDCE2}.Debug|Any CPU.ActiveCfg = Debug|Any CPU
		{A30390DF-5EA6-0A53-A76E-5DA358DDDCE2}.Debug|Any CPU.Build.0 = Debug|Any CPU
		{A30390DF-5EA6-0A53-A76E-5DA358DDDCE2}.Release|Any CPU.ActiveCfg = Release|Any CPU
		{A30390DF-5EA6-0A53-A76E-5DA358DDDCE2}.Release|Any CPU.Build.0 = Release|Any CPU
		{BEFC1046-97DA-1BFA-1E7E-E88469F335FA}.Debug|Any CPU.ActiveCfg = Debug|Any CPU
		{BEFC1046-97DA-1BFA-1E7E-E88469F335FA}.Debug|Any CPU.Build.0 = Debug|Any CPU
		{BEFC1046-97DA-1BFA-1E7E-E88469F335FA}.Release|Any CPU.ActiveCfg = Release|Any CPU
		{BEFC1046-97DA-1BFA-1E7E-E88469F335FA}.Release|Any CPU.Build.0 = Release|Any CPU
		{DFDEC06D-15E6-EF0D-7ABB-28F64BFA4A86}.Debug|Any CPU.ActiveCfg = Debug|Any CPU
		{DFDEC06D-15E6-EF0D-7ABB-28F64BFA4A86}.Debug|Any CPU.Build.0 = Debug|Any CPU
		{DFDEC06D-15E6-EF0D-7ABB-28F64BFA4A86}.Release|Any CPU.ActiveCfg = Release|Any CPU
		{DFDEC06D-15E6-EF0D-7ABB-28F64BFA4A86}.Release|Any CPU.Build.0 = Release|Any CPU
		{69EE47BE-524D-7D7D-D431-A6E91AA001FE}.Debug|Any CPU.ActiveCfg = Debug|Any CPU
		{69EE47BE-524D-7D7D-D431-A6E91AA001FE}.Debug|Any CPU.Build.0 = Debug|Any CPU
		{69EE47BE-524D-7D7D-D431-A6E91AA001FE}.Release|Any CPU.ActiveCfg = Release|Any CPU
		{69EE47BE-524D-7D7D-D431-A6E91AA001FE}.Release|Any CPU.Build.0 = Release|Any CPU
		{0B44B193-2542-C30D-96A5-A341194416D1}.Debug|Any CPU.ActiveCfg = Debug|Any CPU
		{0B44B193-2542-C30D-96A5-A341194416D1}.Debug|Any CPU.Build.0 = Debug|Any CPU
		{0B44B193-2542-C30D-96A5-A341194416D1}.Release|Any CPU.ActiveCfg = Release|Any CPU
		{0B44B193-2542-C30D-96A5-A341194416D1}.Release|Any CPU.Build.0 = Release|Any CPU
		{7CA47928-2128-A4E9-8366-558BAA6CAAEF}.Debug|Any CPU.ActiveCfg = Debug|Any CPU
		{7CA47928-2128-A4E9-8366-558BAA6CAAEF}.Debug|Any CPU.Build.0 = Debug|Any CPU
		{7CA47928-2128-A4E9-8366-558BAA6CAAEF}.Release|Any CPU.ActiveCfg = Release|Any CPU
		{7CA47928-2128-A4E9-8366-558BAA6CAAEF}.Release|Any CPU.Build.0 = Release|Any CPU
		{FEBC0D99-665D-0805-D75D-99D76186F4A9}.Debug|Any CPU.ActiveCfg = Debug|Any CPU
		{FEBC0D99-665D-0805-D75D-99D76186F4A9}.Debug|Any CPU.Build.0 = Debug|Any CPU
		{FEBC0D99-665D-0805-D75D-99D76186F4A9}.Release|Any CPU.ActiveCfg = Release|Any CPU
		{FEBC0D99-665D-0805-D75D-99D76186F4A9}.Release|Any CPU.Build.0 = Release|Any CPU
		{9A211A67-2997-868E-8AC9-FFE1911041C2}.Debug|Any CPU.ActiveCfg = Debug|Any CPU
		{9A211A67-2997-868E-8AC9-FFE1911041C2}.Debug|Any CPU.Build.0 = Debug|Any CPU
		{9A211A67-2997-868E-8AC9-FFE1911041C2}.Release|Any CPU.ActiveCfg = Release|Any CPU
		{9A211A67-2997-868E-8AC9-FFE1911041C2}.Release|Any CPU.Build.0 = Release|Any CPU
		{09BD05CF-8AA1-C686-49C0-DA879A8870CD}.Debug|Any CPU.ActiveCfg = Debug|Any CPU
		{09BD05CF-8AA1-C686-49C0-DA879A8870CD}.Debug|Any CPU.Build.0 = Debug|Any CPU
		{09BD05CF-8AA1-C686-49C0-DA879A8870CD}.Release|Any CPU.ActiveCfg = Release|Any CPU
		{09BD05CF-8AA1-C686-49C0-DA879A8870CD}.Release|Any CPU.Build.0 = Release|Any CPU
		{5EFA4693-D87D-8AF3-E109-1840D9AB90D4}.Debug|Any CPU.ActiveCfg = Debug|Any CPU
		{5EFA4693-D87D-8AF3-E109-1840D9AB90D4}.Debug|Any CPU.Build.0 = Debug|Any CPU
		{5EFA4693-D87D-8AF3-E109-1840D9AB90D4}.Release|Any CPU.ActiveCfg = Release|Any CPU
		{5EFA4693-D87D-8AF3-E109-1840D9AB90D4}.Release|Any CPU.Build.0 = Release|Any CPU
		{5D2F8C9F-E5DB-04E1-5E07-285F723441A0}.Debug|Any CPU.ActiveCfg = Debug|Any CPU
		{5D2F8C9F-E5DB-04E1-5E07-285F723441A0}.Debug|Any CPU.Build.0 = Debug|Any CPU
		{5D2F8C9F-E5DB-04E1-5E07-285F723441A0}.Release|Any CPU.ActiveCfg = Release|Any CPU
		{5D2F8C9F-E5DB-04E1-5E07-285F723441A0}.Release|Any CPU.Build.0 = Release|Any CPU
	EndGlobalSection
	GlobalSection(SolutionProperties) = preSolution
		HideSolutionNode = FALSE
	EndGlobalSection
EndGlobal
